// !$*UTF8*$!
{
	archiveVersion = 1;
	classes = {
	};
	objectVersion = 55;
	objects = {

/* Begin PBXBuildFile section */
		A1567BBC2759B689007D4650 /* SwiftUICombineApp.swift in Sources */ = {isa = PBXBuildFile; fileRef = A1567BBB2759B689007D4650 /* SwiftUICombineApp.swift */; };
		A1567BBE2759B689007D4650 /* NewContentView.swift in Sources */ = {isa = PBXBuildFile; fileRef = A1567BBD2759B689007D4650 /* NewContentView.swift */; };
		A1567BC02759B68A007D4650 /* Assets.xcassets in Resources */ = {isa = PBXBuildFile; fileRef = A1567BBF2759B68A007D4650 /* Assets.xcassets */; };
		A1567BC32759B68A007D4650 /* Preview Assets.xcassets in Resources */ = {isa = PBXBuildFile; fileRef = A1567BC22759B68A007D4650 /* Preview Assets.xcassets */; };
		A1567BCD2759B68A007D4650 /* SwiftUICombineTests.swift in Sources */ = {isa = PBXBuildFile; fileRef = A1567BCC2759B68A007D4650 /* SwiftUICombineTests.swift */; };
		A1567BD72759B68A007D4650 /* SwiftUICombineUITests.swift in Sources */ = {isa = PBXBuildFile; fileRef = A1567BD62759B68A007D4650 /* SwiftUICombineUITests.swift */; };
		A1567BD92759B68A007D4650 /* SwiftUICombineUITestsLaunchTests.swift in Sources */ = {isa = PBXBuildFile; fileRef = A1567BD82759B68A007D4650 /* SwiftUICombineUITestsLaunchTests.swift */; };
		A1567BE62759B887007D4650 /* NewViewModel.swift in Sources */ = {isa = PBXBuildFile; fileRef = A1567BE52759B887007D4650 /* NewViewModel.swift */; };
/* End PBXBuildFile section */

/* Begin PBXContainerItemProxy section */
		A1567BC92759B68A007D4650 /* PBXContainerItemProxy */ = {
			isa = PBXContainerItemProxy;
			containerPortal = A1567BB02759B689007D4650 /* Project object */;
			proxyType = 1;
			remoteGlobalIDString = A1567BB72759B689007D4650;
			remoteInfo = SwiftUICombine;
		};
		A1567BD32759B68A007D4650 /* PBXContainerItemProxy */ = {
			isa = PBXContainerItemProxy;
			containerPortal = A1567BB02759B689007D4650 /* Project object */;
			proxyType = 1;
			remoteGlobalIDString = A1567BB72759B689007D4650;
			remoteInfo = SwiftUICombine;
		};
/* End PBXContainerItemProxy section */

/* Begin PBXFileReference section */
		A1567BB82759B689007D4650 /* SwiftUICombine.app */ = {isa = PBXFileReference; explicitFileType = wrapper.application; includeInIndex = 0; path = SwiftUICombine.app; sourceTree = BUILT_PRODUCTS_DIR; };
		A1567BBB2759B689007D4650 /* SwiftUICombineApp.swift */ = {isa = PBXFileReference; lastKnownFileType = sourcecode.swift; path = SwiftUICombineApp.swift; sourceTree = "<group>"; };
		A1567BBD2759B689007D4650 /* NewContentView.swift */ = {isa = PBXFileReference; lastKnownFileType = sourcecode.swift; path = NewContentView.swift; sourceTree = "<group>"; };
		A1567BBF2759B68A007D4650 /* Assets.xcassets */ = {isa = PBXFileReference; lastKnownFileType = folder.assetcatalog; path = Assets.xcassets; sourceTree = "<group>"; };
		A1567BC22759B68A007D4650 /* Preview Assets.xcassets */ = {isa = PBXFileReference; lastKnownFileType = folder.assetcatalog; path = "Preview Assets.xcassets"; sourceTree = "<group>"; };
		A1567BC82759B68A007D4650 /* SwiftUICombineTests.xctest */ = {isa = PBXFileReference; explicitFileType = wrapper.cfbundle; includeInIndex = 0; path = SwiftUICombineTests.xctest; sourceTree = BUILT_PRODUCTS_DIR; };
		A1567BCC2759B68A007D4650 /* SwiftUICombineTests.swift */ = {isa = PBXFileReference; lastKnownFileType = sourcecode.swift; path = SwiftUICombineTests.swift; sourceTree = "<group>"; };
		A1567BD22759B68A007D4650 /* SwiftUICombineUITests.xctest */ = {isa = PBXFileReference; explicitFileType = wrapper.cfbundle; includeInIndex = 0; path = SwiftUICombineUITests.xctest; sourceTree = BUILT_PRODUCTS_DIR; };
		A1567BD62759B68A007D4650 /* SwiftUICombineUITests.swift */ = {isa = PBXFileReference; lastKnownFileType = sourcecode.swift; path = SwiftUICombineUITests.swift; sourceTree = "<group>"; };
		A1567BD82759B68A007D4650 /* SwiftUICombineUITestsLaunchTests.swift */ = {isa = PBXFileReference; lastKnownFileType = sourcecode.swift; path = SwiftUICombineUITestsLaunchTests.swift; sourceTree = "<group>"; };
		A1567BE52759B887007D4650 /* NewViewModel.swift */ = {isa = PBXFileReference; lastKnownFileType = sourcecode.swift; path = NewViewModel.swift; sourceTree = "<group>"; };
/* End PBXFileReference section */

/* Begin PBXFrameworksBuildPhase section */
		A1567BB52759B689007D4650 /* Frameworks */ = {
			isa = PBXFrameworksBuildPhase;
			buildActionMask = 2147483647;
			files = (
			);
			runOnlyForDeploymentPostprocessing = 0;
		};
		A1567BC52759B68A007D4650 /* Frameworks */ = {
			isa = PBXFrameworksBuildPhase;
			buildActionMask = 2147483647;
			files = (
			);
			runOnlyForDeploymentPostprocessing = 0;
		};
		A1567BCF2759B68A007D4650 /* Frameworks */ = {
			isa = PBXFrameworksBuildPhase;
			buildActionMask = 2147483647;
			files = (
			);
			runOnlyForDeploymentPostprocessing = 0;
		};
/* End PBXFrameworksBuildPhase section */

/* Begin PBXGroup section */
		A1567BAF2759B689007D4650 = {
			isa = PBXGroup;
			children = (
				A1567BBA2759B689007D4650 /* SwiftUICombine */,
				A1567BCB2759B68A007D4650 /* SwiftUICombineTests */,
				A1567BD52759B68A007D4650 /* SwiftUICombineUITests */,
				A1567BB92759B689007D4650 /* Products */,
			);
			sourceTree = "<group>";
		};
		A1567BB92759B689007D4650 /* Products */ = {
			isa = PBXGroup;
			children = (
				A1567BB82759B689007D4650 /* SwiftUICombine.app */,
				A1567BC82759B68A007D4650 /* SwiftUICombineTests.xctest */,
				A1567BD22759B68A007D4650 /* SwiftUICombineUITests.xctest */,
			);
			name = Products;
			sourceTree = "<group>";
		};
		A1567BBA2759B689007D4650 /* SwiftUICombine */ = {
			isa = PBXGroup;
			children = (
				A1567BBB2759B689007D4650 /* SwiftUICombineApp.swift */,
				A1567BBD2759B689007D4650 /* NewContentView.swift */,
				A1567BE52759B887007D4650 /* NewViewModel.swift */,
				A1567BBF2759B68A007D4650 /* Assets.xcassets */,
				A1567BC12759B68A007D4650 /* Preview Content */,
			);
			path = SwiftUICombine;
			sourceTree = "<group>";
		};
		A1567BC12759B68A007D4650 /* Preview Content */ = {
			isa = PBXGroup;
			children = (
				A1567BC22759B68A007D4650 /* Preview Assets.xcassets */,
			);
			path = "Preview Content";
			sourceTree = "<group>";
		};
		A1567BCB2759B68A007D4650 /* SwiftUICombineTests */ = {
			isa = PBXGroup;
			children = (
				A1567BCC2759B68A007D4650 /* SwiftUICombineTests.swift */,
			);
			path = SwiftUICombineTests;
			sourceTree = "<group>";
		};
		A1567BD52759B68A007D4650 /* SwiftUICombineUITests */ = {
			isa = PBXGroup;
			children = (
				A1567BD62759B68A007D4650 /* SwiftUICombineUITests.swift */,
				A1567BD82759B68A007D4650 /* SwiftUICombineUITestsLaunchTests.swift */,
			);
			path = SwiftUICombineUITests;
			sourceTree = "<group>";
		};
/* End PBXGroup section */

/* Begin PBXNativeTarget section */
		A1567BB72759B689007D4650 /* SwiftUICombine */ = {
			isa = PBXNativeTarget;
			buildConfigurationList = A1567BDC2759B68A007D4650 /* Build configuration list for PBXNativeTarget "SwiftUICombine" */;
			buildPhases = (
				A1567BB42759B689007D4650 /* Sources */,
				A1567BB52759B689007D4650 /* Frameworks */,
				A1567BB62759B689007D4650 /* Resources */,
			);
			buildRules = (
			);
			dependencies = (
			);
			name = SwiftUICombine;
			productName = SwiftUICombine;
			productReference = A1567BB82759B689007D4650 /* SwiftUICombine.app */;
			productType = "com.apple.product-type.application";
		};
		A1567BC72759B68A007D4650 /* SwiftUICombineTests */ = {
			isa = PBXNativeTarget;
			buildConfigurationList = A1567BDF2759B68A007D4650 /* Build configuration list for PBXNativeTarget "SwiftUICombineTests" */;
			buildPhases = (
				A1567BC42759B68A007D4650 /* Sources */,
				A1567BC52759B68A007D4650 /* Frameworks */,
				A1567BC62759B68A007D4650 /* Resources */,
			);
			buildRules = (
			);
			dependencies = (
				A1567BCA2759B68A007D4650 /* PBXTargetDependency */,
			);
			name = SwiftUICombineTests;
			productName = SwiftUICombineTests;
			productReference = A1567BC82759B68A007D4650 /* SwiftUICombineTests.xctest */;
			productType = "com.apple.product-type.bundle.unit-test";
		};
		A1567BD12759B68A007D4650 /* SwiftUICombineUITests */ = {
			isa = PBXNativeTarget;
			buildConfigurationList = A1567BE22759B68A007D4650 /* Build configuration list for PBXNativeTarget "SwiftUICombineUITests" */;
			buildPhases = (
				A1567BCE2759B68A007D4650 /* Sources */,
				A1567BCF2759B68A007D4650 /* Frameworks */,
				A1567BD02759B68A007D4650 /* Resources */,
			);
			buildRules = (
			);
			dependencies = (
				A1567BD42759B68A007D4650 /* PBXTargetDependency */,
			);
			name = SwiftUICombineUITests;
			productName = SwiftUICombineUITests;
			productReference = A1567BD22759B68A007D4650 /* SwiftUICombineUITests.xctest */;
			productType = "com.apple.product-type.bundle.ui-testing";
		};
/* End PBXNativeTarget section */

/* Begin PBXProject section */
		A1567BB02759B689007D4650 /* Project object */ = {
			isa = PBXProject;
			attributes = {
				BuildIndependentTargetsInParallel = 1;
				LastSwiftUpdateCheck = 1310;
				LastUpgradeCheck = 1310;
				TargetAttributes = {
					A1567BB72759B689007D4650 = {
						CreatedOnToolsVersion = 13.1;
					};
					A1567BC72759B68A007D4650 = {
						CreatedOnToolsVersion = 13.1;
						TestTargetID = A1567BB72759B689007D4650;
					};
					A1567BD12759B68A007D4650 = {
						CreatedOnToolsVersion = 13.1;
						TestTargetID = A1567BB72759B689007D4650;
					};
				};
			};
			buildConfigurationList = A1567BB32759B689007D4650 /* Build configuration list for PBXProject "SwiftUICombine" */;
			compatibilityVersion = "Xcode 13.0";
			developmentRegion = en;
			hasScannedForEncodings = 0;
			knownRegions = (
				en,
				Base,
			);
			mainGroup = A1567BAF2759B689007D4650;
			productRefGroup = A1567BB92759B689007D4650 /* Products */;
			projectDirPath = "";
			projectRoot = "";
			targets = (
				A1567BB72759B689007D4650 /* SwiftUICombine */,
				A1567BC72759B68A007D4650 /* SwiftUICombineTests */,
				A1567BD12759B68A007D4650 /* SwiftUICombineUITests */,
			);
		};
/* End PBXProject section */

/* Begin PBXResourcesBuildPhase section */
		A1567BB62759B689007D4650 /* Resources */ = {
			isa = PBXResourcesBuildPhase;
			buildActionMask = 2147483647;
			files = (
				A1567BC32759B68A007D4650 /* Preview Assets.xcassets in Resources */,
				A1567BC02759B68A007D4650 /* Assets.xcassets in Resources */,
			);
			runOnlyForDeploymentPostprocessing = 0;
		};
		A1567BC62759B68A007D4650 /* Resources */ = {
			isa = PBXResourcesBuildPhase;
			buildActionMask = 2147483647;
			files = (
			);
			runOnlyForDeploymentPostprocessing = 0;
		};
		A1567BD02759B68A007D4650 /* Resources */ = {
			isa = PBXResourcesBuildPhase;
			buildActionMask = 2147483647;
			files = (
			);
			runOnlyForDeploymentPostprocessing = 0;
		};
/* End PBXResourcesBuildPhase section */

/* Begin PBXSourcesBuildPhase section */
		A1567BB42759B689007D4650 /* Sources */ = {
			isa = PBXSourcesBuildPhase;
			buildActionMask = 2147483647;
			files = (
				A1567BE62759B887007D4650 /* NewViewModel.swift in Sources */,
				A1567BBE2759B689007D4650 /* NewContentView.swift in Sources */,
				A1567BBC2759B689007D4650 /* SwiftUICombineApp.swift in Sources */,
			);
			runOnlyForDeploymentPostprocessing = 0;
		};
		A1567BC42759B68A007D4650 /* Sources */ = {
			isa = PBXSourcesBuildPhase;
			buildActionMask = 2147483647;
			files = (
				A1567BCD2759B68A007D4650 /* SwiftUICombineTests.swift in Sources */,
			);
			runOnlyForDeploymentPostprocessing = 0;
		};
		A1567BCE2759B68A007D4650 /* Sources */ = {
			isa = PBXSourcesBuildPhase;
			buildActionMask = 2147483647;
			files = (
				A1567BD92759B68A007D4650 /* SwiftUICombineUITestsLaunchTests.swift in Sources */,
				A1567BD72759B68A007D4650 /* SwiftUICombineUITests.swift in Sources */,
			);
			runOnlyForDeploymentPostprocessing = 0;
		};
/* End PBXSourcesBuildPhase section */

/* Begin PBXTargetDependency section */
		A1567BCA2759B68A007D4650 /* PBXTargetDependency */ = {
			isa = PBXTargetDependency;
			target = A1567BB72759B689007D4650 /* SwiftUICombine */;
			targetProxy = A1567BC92759B68A007D4650 /* PBXContainerItemProxy */;
		};
		A1567BD42759B68A007D4650 /* PBXTargetDependency */ = {
			isa = PBXTargetDependency;
			target = A1567BB72759B689007D4650 /* SwiftUICombine */;
			targetProxy = A1567BD32759B68A007D4650 /* PBXContainerItemProxy */;
		};
/* End PBXTargetDependency section */

/* Begin XCBuildConfiguration section */
		A1567BDA2759B68A007D4650 /* Debug */ = {
			isa = XCBuildConfiguration;
			buildSettings = {
				ALWAYS_SEARCH_USER_PATHS = NO;
				CLANG_ANALYZER_NONNULL = YES;
				CLANG_ANALYZER_NUMBER_OBJECT_CONVERSION = YES_AGGRESSIVE;
				CLANG_CXX_LANGUAGE_STANDARD = "gnu++17";
				CLANG_CXX_LIBRARY = "libc++";
				CLANG_ENABLE_MODULES = YES;
				CLANG_ENABLE_OBJC_ARC = YES;
				CLANG_ENABLE_OBJC_WEAK = YES;
				CLANG_WARN_BLOCK_CAPTURE_AUTORELEASING = YES;
				CLANG_WARN_BOOL_CONVERSION = YES;
				CLANG_WARN_COMMA = YES;
				CLANG_WARN_CONSTANT_CONVERSION = YES;
				CLANG_WARN_DEPRECATED_OBJC_IMPLEMENTATIONS = YES;
				CLANG_WARN_DIRECT_OBJC_ISA_USAGE = YES_ERROR;
				CLANG_WARN_DOCUMENTATION_COMMENTS = YES;
				CLANG_WARN_EMPTY_BODY = YES;
				CLANG_WARN_ENUM_CONVERSION = YES;
				CLANG_WARN_INFINITE_RECURSION = YES;
				CLANG_WARN_INT_CONVERSION = YES;
				CLANG_WARN_NON_LITERAL_NULL_CONVERSION = YES;
				CLANG_WARN_OBJC_IMPLICIT_RETAIN_SELF = YES;
				CLANG_WARN_OBJC_LITERAL_CONVERSION = YES;
				CLANG_WARN_OBJC_ROOT_CLASS = YES_ERROR;
				CLANG_WARN_QUOTED_INCLUDE_IN_FRAMEWORK_HEADER = YES;
				CLANG_WARN_RANGE_LOOP_ANALYSIS = YES;
				CLANG_WARN_STRICT_PROTOTYPES = YES;
				CLANG_WARN_SUSPICIOUS_MOVE = YES;
				CLANG_WARN_UNGUARDED_AVAILABILITY = YES_AGGRESSIVE;
				CLANG_WARN_UNREACHABLE_CODE = YES;
				CLANG_WARN__DUPLICATE_METHOD_MATCH = YES;
				COPY_PHASE_STRIP = NO;
				DEBUG_INFORMATION_FORMAT = dwarf;
				ENABLE_STRICT_OBJC_MSGSEND = YES;
				ENABLE_TESTABILITY = YES;
				GCC_C_LANGUAGE_STANDARD = gnu11;
				GCC_DYNAMIC_NO_PIC = NO;
				GCC_NO_COMMON_BLOCKS = YES;
				GCC_OPTIMIZATION_LEVEL = 0;
				GCC_PREPROCESSOR_DEFINITIONS = (
					"DEBUG=1",
					"$(inherited)",
				);
				GCC_WARN_64_TO_32_BIT_CONVERSION = YES;
				GCC_WARN_ABOUT_RETURN_TYPE = YES_ERROR;
				GCC_WARN_UNDECLARED_SELECTOR = YES;
				GCC_WARN_UNINITIALIZED_AUTOS = YES_AGGRESSIVE;
				GCC_WARN_UNUSED_FUNCTION = YES;
				GCC_WARN_UNUSED_VARIABLE = YES;
				IPHONEOS_DEPLOYMENT_TARGET = 15.0;
				MTL_ENABLE_DEBUG_INFO = INCLUDE_SOURCE;
				MTL_FAST_MATH = YES;
				ONLY_ACTIVE_ARCH = YES;
				SDKROOT = iphoneos;
				SWIFT_ACTIVE_COMPILATION_CONDITIONS = DEBUG;
				SWIFT_OPTIMIZATION_LEVEL = "-Onone";
			};
			name = Debug;
		};
		A1567BDB2759B68A007D4650 /* Release */ = {
			isa = XCBuildConfiguration;
			buildSettings = {
				ALWAYS_SEARCH_USER_PATHS = NO;
				CLANG_ANALYZER_NONNULL = YES;
				CLANG_ANALYZER_NUMBER_OBJECT_CONVERSION = YES_AGGRESSIVE;
				CLANG_CXX_LANGUAGE_STANDARD = "gnu++17";
				CLANG_CXX_LIBRARY = "libc++";
				CLANG_ENABLE_MODULES = YES;
				CLANG_ENABLE_OBJC_ARC = YES;
				CLANG_ENABLE_OBJC_WEAK = YES;
				CLANG_WARN_BLOCK_CAPTURE_AUTORELEASING = YES;
				CLANG_WARN_BOOL_CONVERSION = YES;
				CLANG_WARN_COMMA = YES;
				CLANG_WARN_CONSTANT_CONVERSION = YES;
				CLANG_WARN_DEPRECATED_OBJC_IMPLEMENTATIONS = YES;
				CLANG_WARN_DIRECT_OBJC_ISA_USAGE = YES_ERROR;
				CLANG_WARN_DOCUMENTATION_COMMENTS = YES;
				CLANG_WARN_EMPTY_BODY = YES;
				CLANG_WARN_ENUM_CONVERSION = YES;
				CLANG_WARN_INFINITE_RECURSION = YES;
				CLANG_WARN_INT_CONVERSION = YES;
				CLANG_WARN_NON_LITERAL_NULL_CONVERSION = YES;
				CLANG_WARN_OBJC_IMPLICIT_RETAIN_SELF = YES;
				CLANG_WARN_OBJC_LITERAL_CONVERSION = YES;
				CLANG_WARN_OBJC_ROOT_CLASS = YES_ERROR;
				CLANG_WARN_QUOTED_INCLUDE_IN_FRAMEWORK_HEADER = YES;
				CLANG_WARN_RANGE_LOOP_ANALYSIS = YES;
				CLANG_WARN_STRICT_PROTOTYPES = YES;
				CLANG_WARN_SUSPICIOUS_MOVE = YES;
				CLANG_WARN_UNGUARDED_AVAILABILITY = YES_AGGRESSIVE;
				CLANG_WARN_UNREACHABLE_CODE = YES;
				CLANG_WARN__DUPLICATE_METHOD_MATCH = YES;
				COPY_PHASE_STRIP = NO;
				DEBUG_INFORMATION_FORMAT = "dwarf-with-dsym";
				ENABLE_NS_ASSERTIONS = NO;
				ENABLE_STRICT_OBJC_MSGSEND = YES;
				GCC_C_LANGUAGE_STANDARD = gnu11;
				GCC_NO_COMMON_BLOCKS = YES;
				GCC_WARN_64_TO_32_BIT_CONVERSION = YES;
				GCC_WARN_ABOUT_RETURN_TYPE = YES_ERROR;
				GCC_WARN_UNDECLARED_SELECTOR = YES;
				GCC_WARN_UNINITIALIZED_AUTOS = YES_AGGRESSIVE;
				GCC_WARN_UNUSED_FUNCTION = YES;
				GCC_WARN_UNUSED_VARIABLE = YES;
				IPHONEOS_DEPLOYMENT_TARGET = 15.0;
				MTL_ENABLE_DEBUG_INFO = NO;
				MTL_FAST_MATH = YES;
				SDKROOT = iphoneos;
				SWIFT_COMPILATION_MODE = wholemodule;
				SWIFT_OPTIMIZATION_LEVEL = "-O";
				VALIDATE_PRODUCT = YES;
			};
			name = Release;
		};
		A1567BDD2759B68A007D4650 /* Debug */ = {
			isa = XCBuildConfiguration;
			buildSettings = {
				ASSETCATALOG_COMPILER_APPICON_NAME = AppIcon;
				ASSETCATALOG_COMPILER_GLOBAL_ACCENT_COLOR_NAME = AccentColor;
				CODE_SIGN_STYLE = Automatic;
				CURRENT_PROJECT_VERSION = 1;
				DEVELOPMENT_ASSET_PATHS = "\"SwiftUICombine/Preview Content\"";
				ENABLE_PREVIEWS = YES;
				GENERATE_INFOPLIST_FILE = YES;
				INFOPLIST_KEY_UIApplicationSceneManifest_Generation = YES;
				INFOPLIST_KEY_UIApplicationSupportsIndirectInputEvents = YES;
				INFOPLIST_KEY_UILaunchScreen_Generation = YES;
				INFOPLIST_KEY_UISupportedInterfaceOrientations_iPad = "UIInterfaceOrientationPortrait UIInterfaceOrientationPortraitUpsideDown UIInterfaceOrientationLandscapeLeft UIInterfaceOrientationLandscapeRight";
				INFOPLIST_KEY_UISupportedInterfaceOrientations_iPhone = "UIInterfaceOrientationPortrait UIInterfaceOrientationLandscapeLeft UIInterfaceOrientationLandscapeRight";
				LD_RUNPATH_SEARCH_PATHS = (
					"$(inherited)",
					"@executable_path/Frameworks",
				);
				MARKETING_VERSION = 1.0;
				PRODUCT_BUNDLE_IDENTIFIER = app.cert.trans.SwiftUICombine;
				PRODUCT_NAME = "$(TARGET_NAME)";
				SWIFT_EMIT_LOC_STRINGS = YES;
				SWIFT_VERSION = 5.0;
				TARGETED_DEVICE_FAMILY = "1,2";
			};
			name = Debug;
		};
		A1567BDE2759B68A007D4650 /* Release */ = {
			isa = XCBuildConfiguration;
			buildSettings = {
				ASSETCATALOG_COMPILER_APPICON_NAME = AppIcon;
				ASSETCATALOG_COMPILER_GLOBAL_ACCENT_COLOR_NAME = AccentColor;
				CODE_SIGN_STYLE = Automatic;
				CURRENT_PROJECT_VERSION = 1;
				DEVELOPMENT_ASSET_PATHS = "\"SwiftUICombine/Preview Content\"";
				ENABLE_PREVIEWS = YES;
				GENERATE_INFOPLIST_FILE = YES;
				INFOPLIST_KEY_UIApplicationSceneManifest_Generation = YES;
				INFOPLIST_KEY_UIApplicationSupportsIndirectInputEvents = YES;
				INFOPLIST_KEY_UILaunchScreen_Generation = YES;
				INFOPLIST_KEY_UISupportedInterfaceOrientations_iPad = "UIInterfaceOrientationPortrait UIInterfaceOrientationPortraitUpsideDown UIInterfaceOrientationLandscapeLeft UIInterfaceOrientationLandscapeRight";
				INFOPLIST_KEY_UISupportedInterfaceOrientations_iPhone = "UIInterfaceOrientationPortrait UIInterfaceOrientationLandscapeLeft UIInterfaceOrientationLandscapeRight";
				LD_RUNPATH_SEARCH_PATHS = (
					"$(inherited)",
					"@executable_path/Frameworks",
				);
				MARKETING_VERSION = 1.0;
				PRODUCT_BUNDLE_IDENTIFIER = app.cert.trans.SwiftUICombine;
				PRODUCT_NAME = "$(TARGET_NAME)";
				SWIFT_EMIT_LOC_STRINGS = YES;
				SWIFT_VERSION = 5.0;
				TARGETED_DEVICE_FAMILY = "1,2";
			};
			name = Release;
		};
		A1567BE02759B68A007D4650 /* Debug */ = {
			isa = XCBuildConfiguration;
			buildSettings = {
				ALWAYS_EMBED_SWIFT_STANDARD_LIBRARIES = YES;
				BUNDLE_LOADER = "$(TEST_HOST)";
				CODE_SIGN_STYLE = Automatic;
				CURRENT_PROJECT_VERSION = 1;
				GENERATE_INFOPLIST_FILE = YES;
				IPHONEOS_DEPLOYMENT_TARGET = 15.0;
				LD_RUNPATH_SEARCH_PATHS = (
					"$(inherited)",
					"@executable_path/Frameworks",
					"@loader_path/Frameworks",
				);
				MARKETING_VERSION = 1.0;
				PRODUCT_BUNDLE_IDENTIFIER = app.cert.trans.SwiftUICombineTests;
				PRODUCT_NAME = "$(TARGET_NAME)";
				SWIFT_EMIT_LOC_STRINGS = NO;
				SWIFT_VERSION = 5.0;
				TARGETED_DEVICE_FAMILY = "1,2";
				TEST_HOST = "$(BUILT_PRODUCTS_DIR)/SwiftUICombine.app/SwiftUICombine";
			};
			name = Debug;
		};
		A1567BE12759B68A007D4650 /* Release */ = {
			isa = XCBuildConfiguration;
			buildSettings = {
				ALWAYS_EMBED_SWIFT_STANDARD_LIBRARIES = YES;
				BUNDLE_LOADER = "$(TEST_HOST)";
				CODE_SIGN_STYLE = Automatic;
				CURRENT_PROJECT_VERSION = 1;
				GENERATE_INFOPLIST_FILE = YES;
				IPHONEOS_DEPLOYMENT_TARGET = 15.0;
				LD_RUNPATH_SEARCH_PATHS = (
					"$(inherited)",
					"@executable_path/Frameworks",
					"@loader_path/Frameworks",
				);
				MARKETING_VERSION = 1.0;
				PRODUCT_BUNDLE_IDENTIFIER = app.cert.trans.SwiftUICombineTests;
				PRODUCT_NAME = "$(TARGET_NAME)";
				SWIFT_EMIT_LOC_STRINGS = NO;
				SWIFT_VERSION = 5.0;
				TARGETED_DEVICE_FAMILY = "1,2";
				TEST_HOST = "$(BUILT_PRODUCTS_DIR)/SwiftUICombine.app/SwiftUICombine";
			};
			name = Release;
		};
		A1567BE32759B68A007D4650 /* Debug */ = {
			isa = XCBuildConfiguration;
			buildSettings = {
				ALWAYS_EMBED_SWIFT_STANDARD_LIBRARIES = YES;
				CODE_SIGN_STYLE = Automatic;
				CURRENT_PROJECT_VERSION = 1;
				GENERATE_INFOPLIST_FILE = YES;
				LD_RUNPATH_SEARCH_PATHS = (
					"$(inherited)",
					"@executable_path/Frameworks",
					"@loader_path/Frameworks",
				);
				MARKETING_VERSION = 1.0;
				PRODUCT_BUNDLE_IDENTIFIER = app.cert.trans.SwiftUICombineUITests;
				PRODUCT_NAME = "$(TARGET_NAME)";
				SWIFT_EMIT_LOC_STRINGS = NO;
				SWIFT_VERSION = 5.0;
				TARGETED_DEVICE_FAMILY = "1,2";
				TEST_TARGET_NAME = SwiftUICombine;
			};
			name = Debug;
		};
		A1567BE42759B68A007D4650 /* Release */ = {
			isa = XCBuildConfiguration;
			buildSettings = {
				ALWAYS_EMBED_SWIFT_STANDARD_LIBRARIES = YES;
				CODE_SIGN_STYLE = Automatic;
				CURRENT_PROJECT_VERSION = 1;
				GENERATE_INFOPLIST_FILE = YES;
				LD_RUNPATH_SEARCH_PATHS = (
					"$(inherited)",
					"@executable_path/Frameworks",
					"@loader_path/Frameworks",
				);
				MARKETING_VERSION = 1.0;
				PRODUCT_BUNDLE_IDENTIFIER = app.cert.trans.SwiftUICombineUITests;
				PRODUCT_NAME = "$(TARGET_NAME)";
				SWIFT_EMIT_LOC_STRINGS = NO;
				SWIFT_VERSION = 5.0;
				TARGETED_DEVICE_FAMILY = "1,2";
				TEST_TARGET_NAME = SwiftUICombine;
			};
			name = Release;
		};
/* End XCBuildConfiguration section */

/* Begin XCConfigurationList section */
		A1567BB32759B689007D4650 /* Build configuration list for PBXProject "SwiftUICombine" */ = {
			isa = XCConfigurationList;
			buildConfigurations = (
				A1567BDA2759B68A007D4650 /* Debug */,
				A1567BDB2759B68A007D4650 /* Release */,
			);
			defaultConfigurationIsVisible = 0;
			defaultConfigurationName = Release;
		};
		A1567BDC2759B68A007D4650 /* Build configuration list for PBXNativeTarget "SwiftUICombine" */ = {
			isa = XCConfigurationList;
			buildConfigurations = (
				A1567BDD2759B68A007D4650 /* Debug */,
				A1567BDE2759B68A007D4650 /* Release */,
			);
			defaultConfigurationIsVisible = 0;
			defaultConfigurationName = Release;
		};
		A1567BDF2759B68A007D4650 /* Build configuration list for PBXNativeTarget "SwiftUICombineTests" */ = {
			isa = XCConfigurationList;
			buildConfigurations = (
				A1567BE02759B68A007D4650 /* Debug */,
				A1567BE12759B68A007D4650 /* Release */,
			);
			defaultConfigurationIsVisible = 0;
			defaultConfigurationName = Release;
		};
		A1567BE22759B68A007D4650 /* Build configuration list for PBXNativeTarget "SwiftUICombineUITests" */ = {
			isa = XCConfigurationList;
			buildConfigurations = (
				A1567BE32759B68A007D4650 /* Debug */,
				A1567BE42759B68A007D4650 /* Release */,
			);
			defaultConfigurationIsVisible = 0;
			defaultConfigurationName = Release;
		};
/* End XCConfigurationList section */
	};
	rootObject = A1567BB02759B689007D4650 /* Project object */;
}
