// !$*UTF8*$!
{
	archiveVersion = 1;
	classes = {
	};
	objectVersion = 55;
	objects = {

/* Begin PBXBuildFile section */
		A127FE1827642E4A0078099A /* SwiftUIListApp.swift in Sources */ = {isa = PBXBuildFile; fileRef = A127FE1727642E4A0078099A /* SwiftUIListApp.swift */; };
		A127FE1A27642E4A0078099A /* ContentView.swift in Sources */ = {isa = PBXBuildFile; fileRef = A127FE1927642E4A0078099A /* ContentView.swift */; };
		A127FE1C27642E4B0078099A /* Assets.xcassets in Resources */ = {isa = PBXBuildFile; fileRef = A127FE1B27642E4B0078099A /* Assets.xcassets */; };
		A127FE1F27642E4B0078099A /* Preview Assets.xcassets in Resources */ = {isa = PBXBuildFile; fileRef = A127FE1E27642E4B0078099A /* Preview Assets.xcassets */; };
		A127FE2927642E4C0078099A /* SwiftUIListTests.swift in Sources */ = {isa = PBXBuildFile; fileRef = A127FE2827642E4C0078099A /* SwiftUIListTests.swift */; };
		A127FE3327642E4C0078099A /* SwiftUIListUITests.swift in Sources */ = {isa = PBXBuildFile; fileRef = A127FE3227642E4C0078099A /* SwiftUIListUITests.swift */; };
		A127FE3527642E4C0078099A /* SwiftUIListUITestsLaunchTests.swift in Sources */ = {isa = PBXBuildFile; fileRef = A127FE3427642E4C0078099A /* SwiftUIListUITestsLaunchTests.swift */; };
/* End PBXBuildFile section */

/* Begin PBXContainerItemProxy section */
		A127FE2527642E4C0078099A /* PBXContainerItemProxy */ = {
			isa = PBXContainerItemProxy;
			containerPortal = A127FE0C27642E4A0078099A /* Project object */;
			proxyType = 1;
			remoteGlobalIDString = A127FE1327642E4A0078099A;
			remoteInfo = SwiftUIList;
		};
		A127FE2F27642E4C0078099A /* PBXContainerItemProxy */ = {
			isa = PBXContainerItemProxy;
			containerPortal = A127FE0C27642E4A0078099A /* Project object */;
			proxyType = 1;
			remoteGlobalIDString = A127FE1327642E4A0078099A;
			remoteInfo = SwiftUIList;
		};
/* End PBXContainerItemProxy section */

/* Begin PBXFileReference section */
		A127FE1427642E4A0078099A /* SwiftUIList.app */ = {isa = PBXFileReference; explicitFileType = wrapper.application; includeInIndex = 0; path = SwiftUIList.app; sourceTree = BUILT_PRODUCTS_DIR; };
		A127FE1727642E4A0078099A /* SwiftUIListApp.swift */ = {isa = PBXFileReference; lastKnownFileType = sourcecode.swift; path = SwiftUIListApp.swift; sourceTree = "<group>"; };
		A127FE1927642E4A0078099A /* ContentView.swift */ = {isa = PBXFileReference; lastKnownFileType = sourcecode.swift; path = ContentView.swift; sourceTree = "<group>"; };
		A127FE1B27642E4B0078099A /* Assets.xcassets */ = {isa = PBXFileReference; lastKnownFileType = folder.assetcatalog; path = Assets.xcassets; sourceTree = "<group>"; };
		A127FE1E27642E4B0078099A /* Preview Assets.xcassets */ = {isa = PBXFileReference; lastKnownFileType = folder.assetcatalog; path = "Preview Assets.xcassets"; sourceTree = "<group>"; };
		A127FE2427642E4C0078099A /* SwiftUIListTests.xctest */ = {isa = PBXFileReference; explicitFileType = wrapper.cfbundle; includeInIndex = 0; path = SwiftUIListTests.xctest; sourceTree = BUILT_PRODUCTS_DIR; };
		A127FE2827642E4C0078099A /* SwiftUIListTests.swift */ = {isa = PBXFileReference; lastKnownFileType = sourcecode.swift; path = SwiftUIListTests.swift; sourceTree = "<group>"; };
		A127FE2E27642E4C0078099A /* SwiftUIListUITests.xctest */ = {isa = PBXFileReference; explicitFileType = wrapper.cfbundle; includeInIndex = 0; path = SwiftUIListUITests.xctest; sourceTree = BUILT_PRODUCTS_DIR; };
		A127FE3227642E4C0078099A /* SwiftUIListUITests.swift */ = {isa = PBXFileReference; lastKnownFileType = sourcecode.swift; path = SwiftUIListUITests.swift; sourceTree = "<group>"; };
		A127FE3427642E4C0078099A /* SwiftUIListUITestsLaunchTests.swift */ = {isa = PBXFileReference; lastKnownFileType = sourcecode.swift; path = SwiftUIListUITestsLaunchTests.swift; sourceTree = "<group>"; };
/* End PBXFileReference section */

/* Begin PBXFrameworksBuildPhase section */
		A127FE1127642E4A0078099A /* Frameworks */ = {
			isa = PBXFrameworksBuildPhase;
			buildActionMask = 2147483647;
			files = (
			);
			runOnlyForDeploymentPostprocessing = 0;
		};
		A127FE2127642E4C0078099A /* Frameworks */ = {
			isa = PBXFrameworksBuildPhase;
			buildActionMask = 2147483647;
			files = (
			);
			runOnlyForDeploymentPostprocessing = 0;
		};
		A127FE2B27642E4C0078099A /* Frameworks */ = {
			isa = PBXFrameworksBuildPhase;
			buildActionMask = 2147483647;
			files = (
			);
			runOnlyForDeploymentPostprocessing = 0;
		};
/* End PBXFrameworksBuildPhase section */

/* Begin PBXGroup section */
		A127FE0B27642E4A0078099A = {
			isa = PBXGroup;
			children = (
				A127FE1627642E4A0078099A /* SwiftUIList */,
				A127FE2727642E4C0078099A /* SwiftUIListTests */,
				A127FE3127642E4C0078099A /* SwiftUIListUITests */,
				A127FE1527642E4A0078099A /* Products */,
			);
			sourceTree = "<group>";
		};
		A127FE1527642E4A0078099A /* Products */ = {
			isa = PBXGroup;
			children = (
				A127FE1427642E4A0078099A /* SwiftUIList.app */,
				A127FE2427642E4C0078099A /* SwiftUIListTests.xctest */,
				A127FE2E27642E4C0078099A /* SwiftUIListUITests.xctest */,
			);
			name = Products;
			sourceTree = "<group>";
		};
		A127FE1627642E4A0078099A /* SwiftUIList */ = {
			isa = PBXGroup;
			children = (
				A127FE1727642E4A0078099A /* SwiftUIListApp.swift */,
				A127FE1927642E4A0078099A /* ContentView.swift */,
				A127FE1B27642E4B0078099A /* Assets.xcassets */,
				A127FE1D27642E4B0078099A /* Preview Content */,
			);
			path = SwiftUIList;
			sourceTree = "<group>";
		};
		A127FE1D27642E4B0078099A /* Preview Content */ = {
			isa = PBXGroup;
			children = (
				A127FE1E27642E4B0078099A /* Preview Assets.xcassets */,
			);
			path = "Preview Content";
			sourceTree = "<group>";
		};
		A127FE2727642E4C0078099A /* SwiftUIListTests */ = {
			isa = PBXGroup;
			children = (
				A127FE2827642E4C0078099A /* SwiftUIListTests.swift */,
			);
			path = SwiftUIListTests;
			sourceTree = "<group>";
		};
		A127FE3127642E4C0078099A /* SwiftUIListUITests */ = {
			isa = PBXGroup;
			children = (
				A127FE3227642E4C0078099A /* SwiftUIListUITests.swift */,
				A127FE3427642E4C0078099A /* SwiftUIListUITestsLaunchTests.swift */,
			);
			path = SwiftUIListUITests;
			sourceTree = "<group>";
		};
/* End PBXGroup section */

/* Begin PBXNativeTarget section */
		A127FE1327642E4A0078099A /* SwiftUIList */ = {
			isa = PBXNativeTarget;
			buildConfigurationList = A127FE3827642E4C0078099A /* Build configuration list for PBXNativeTarget "SwiftUIList" */;
			buildPhases = (
				A127FE1027642E4A0078099A /* Sources */,
				A127FE1127642E4A0078099A /* Frameworks */,
				A127FE1227642E4A0078099A /* Resources */,
			);
			buildRules = (
			);
			dependencies = (
			);
			name = SwiftUIList;
			productName = SwiftUIList;
			productReference = A127FE1427642E4A0078099A /* SwiftUIList.app */;
			productType = "com.apple.product-type.application";
		};
		A127FE2327642E4C0078099A /* SwiftUIListTests */ = {
			isa = PBXNativeTarget;
			buildConfigurationList = A127FE3B27642E4C0078099A /* Build configuration list for PBXNativeTarget "SwiftUIListTests" */;
			buildPhases = (
				A127FE2027642E4C0078099A /* Sources */,
				A127FE2127642E4C0078099A /* Frameworks */,
				A127FE2227642E4C0078099A /* Resources */,
			);
			buildRules = (
			);
			dependencies = (
				A127FE2627642E4C0078099A /* PBXTargetDependency */,
			);
			name = SwiftUIListTests;
			productName = SwiftUIListTests;
			productReference = A127FE2427642E4C0078099A /* SwiftUIListTests.xctest */;
			productType = "com.apple.product-type.bundle.unit-test";
		};
		A127FE2D27642E4C0078099A /* SwiftUIListUITests */ = {
			isa = PBXNativeTarget;
			buildConfigurationList = A127FE3E27642E4C0078099A /* Build configuration list for PBXNativeTarget "SwiftUIListUITests" */;
			buildPhases = (
				A127FE2A27642E4C0078099A /* Sources */,
				A127FE2B27642E4C0078099A /* Frameworks */,
				A127FE2C27642E4C0078099A /* Resources */,
			);
			buildRules = (
			);
			dependencies = (
				A127FE3027642E4C0078099A /* PBXTargetDependency */,
			);
			name = SwiftUIListUITests;
			productName = SwiftUIListUITests;
			productReference = A127FE2E27642E4C0078099A /* SwiftUIListUITests.xctest */;
			productType = "com.apple.product-type.bundle.ui-testing";
		};
/* End PBXNativeTarget section */

/* Begin PBXProject section */
		A127FE0C27642E4A0078099A /* Project object */ = {
			isa = PBXProject;
			attributes = {
				BuildIndependentTargetsInParallel = 1;
				LastSwiftUpdateCheck = 1310;
				LastUpgradeCheck = 1310;
				TargetAttributes = {
					A127FE1327642E4A0078099A = {
						CreatedOnToolsVersion = 13.1;
					};
					A127FE2327642E4C0078099A = {
						CreatedOnToolsVersion = 13.1;
						TestTargetID = A127FE1327642E4A0078099A;
					};
					A127FE2D27642E4C0078099A = {
						CreatedOnToolsVersion = 13.1;
						TestTargetID = A127FE1327642E4A0078099A;
					};
				};
			};
			buildConfigurationList = A127FE0F27642E4A0078099A /* Build configuration list for PBXProject "SwiftUIList" */;
			compatibilityVersion = "Xcode 13.0";
			developmentRegion = en;
			hasScannedForEncodings = 0;
			knownRegions = (
				en,
				Base,
			);
			mainGroup = A127FE0B27642E4A0078099A;
			productRefGroup = A127FE1527642E4A0078099A /* Products */;
			projectDirPath = "";
			projectRoot = "";
			targets = (
				A127FE1327642E4A0078099A /* SwiftUIList */,
				A127FE2327642E4C0078099A /* SwiftUIListTests */,
				A127FE2D27642E4C0078099A /* SwiftUIListUITests */,
			);
		};
/* End PBXProject section */

/* Begin PBXResourcesBuildPhase section */
		A127FE1227642E4A0078099A /* Resources */ = {
			isa = PBXResourcesBuildPhase;
			buildActionMask = 2147483647;
			files = (
				A127FE1F27642E4B0078099A /* Preview Assets.xcassets in Resources */,
				A127FE1C27642E4B0078099A /* Assets.xcassets in Resources */,
			);
			runOnlyForDeploymentPostprocessing = 0;
		};
		A127FE2227642E4C0078099A /* Resources */ = {
			isa = PBXResourcesBuildPhase;
			buildActionMask = 2147483647;
			files = (
			);
			runOnlyForDeploymentPostprocessing = 0;
		};
		A127FE2C27642E4C0078099A /* Resources */ = {
			isa = PBXResourcesBuildPhase;
			buildActionMask = 2147483647;
			files = (
			);
			runOnlyForDeploymentPostprocessing = 0;
		};
/* End PBXResourcesBuildPhase section */

/* Begin PBXSourcesBuildPhase section */
		A127FE1027642E4A0078099A /* Sources */ = {
			isa = PBXSourcesBuildPhase;
			buildActionMask = 2147483647;
			files = (
				A127FE1A27642E4A0078099A /* ContentView.swift in Sources */,
				A127FE1827642E4A0078099A /* SwiftUIListApp.swift in Sources */,
			);
			runOnlyForDeploymentPostprocessing = 0;
		};
		A127FE2027642E4C0078099A /* Sources */ = {
			isa = PBXSourcesBuildPhase;
			buildActionMask = 2147483647;
			files = (
				A127FE2927642E4C0078099A /* SwiftUIListTests.swift in Sources */,
			);
			runOnlyForDeploymentPostprocessing = 0;
		};
		A127FE2A27642E4C0078099A /* Sources */ = {
			isa = PBXSourcesBuildPhase;
			buildActionMask = 2147483647;
			files = (
				A127FE3527642E4C0078099A /* SwiftUIListUITestsLaunchTests.swift in Sources */,
				A127FE3327642E4C0078099A /* SwiftUIListUITests.swift in Sources */,
			);
			runOnlyForDeploymentPostprocessing = 0;
		};
/* End PBXSourcesBuildPhase section */

/* Begin PBXTargetDependency section */
		A127FE2627642E4C0078099A /* PBXTargetDependency */ = {
			isa = PBXTargetDependency;
			target = A127FE1327642E4A0078099A /* SwiftUIList */;
			targetProxy = A127FE2527642E4C0078099A /* PBXContainerItemProxy */;
		};
		A127FE3027642E4C0078099A /* PBXTargetDependency */ = {
			isa = PBXTargetDependency;
			target = A127FE1327642E4A0078099A /* SwiftUIList */;
			targetProxy = A127FE2F27642E4C0078099A /* PBXContainerItemProxy */;
		};
/* End PBXTargetDependency section */

/* Begin XCBuildConfiguration section */
		A127FE3627642E4C0078099A /* Debug */ = {
			isa = XCBuildConfiguration;
			buildSettings = {
				ALWAYS_SEARCH_USER_PATHS = NO;
				CLANG_ANALYZER_NONNULL = YES;
				CLANG_ANALYZER_NUMBER_OBJECT_CONVERSION = YES_AGGRESSIVE;
				CLANG_CXX_LANGUAGE_STANDARD = "gnu++17";
				CLANG_CXX_LIBRARY = "libc++";
				CLANG_ENABLE_MODULES = YES;
				CLANG_ENABLE_OBJC_ARC = YES;
				CLANG_ENABLE_OBJC_WEAK = YES;
				CLANG_WARN_BLOCK_CAPTURE_AUTORELEASING = YES;
				CLANG_WARN_BOOL_CONVERSION = YES;
				CLANG_WARN_COMMA = YES;
				CLANG_WARN_CONSTANT_CONVERSION = YES;
				CLANG_WARN_DEPRECATED_OBJC_IMPLEMENTATIONS = YES;
				CLANG_WARN_DIRECT_OBJC_ISA_USAGE = YES_ERROR;
				CLANG_WARN_DOCUMENTATION_COMMENTS = YES;
				CLANG_WARN_EMPTY_BODY = YES;
				CLANG_WARN_ENUM_CONVERSION = YES;
				CLANG_WARN_INFINITE_RECURSION = YES;
				CLANG_WARN_INT_CONVERSION = YES;
				CLANG_WARN_NON_LITERAL_NULL_CONVERSION = YES;
				CLANG_WARN_OBJC_IMPLICIT_RETAIN_SELF = YES;
				CLANG_WARN_OBJC_LITERAL_CONVERSION = YES;
				CLANG_WARN_OBJC_ROOT_CLASS = YES_ERROR;
				CLANG_WARN_QUOTED_INCLUDE_IN_FRAMEWORK_HEADER = YES;
				CLANG_WARN_RANGE_LOOP_ANALYSIS = YES;
				CLANG_WARN_STRICT_PROTOTYPES = YES;
				CLANG_WARN_SUSPICIOUS_MOVE = YES;
				CLANG_WARN_UNGUARDED_AVAILABILITY = YES_AGGRESSIVE;
				CLANG_WARN_UNREACHABLE_CODE = YES;
				CLANG_WARN__DUPLICATE_METHOD_MATCH = YES;
				COPY_PHASE_STRIP = NO;
				DEBUG_INFORMATION_FORMAT = dwarf;
				ENABLE_STRICT_OBJC_MSGSEND = YES;
				ENABLE_TESTABILITY = YES;
				GCC_C_LANGUAGE_STANDARD = gnu11;
				GCC_DYNAMIC_NO_PIC = NO;
				GCC_NO_COMMON_BLOCKS = YES;
				GCC_OPTIMIZATION_LEVEL = 0;
				GCC_PREPROCESSOR_DEFINITIONS = (
					"DEBUG=1",
					"$(inherited)",
				);
				GCC_WARN_64_TO_32_BIT_CONVERSION = YES;
				GCC_WARN_ABOUT_RETURN_TYPE = YES_ERROR;
				GCC_WARN_UNDECLARED_SELECTOR = YES;
				GCC_WARN_UNINITIALIZED_AUTOS = YES_AGGRESSIVE;
				GCC_WARN_UNUSED_FUNCTION = YES;
				GCC_WARN_UNUSED_VARIABLE = YES;
				IPHONEOS_DEPLOYMENT_TARGET = 15.0;
				MTL_ENABLE_DEBUG_INFO = INCLUDE_SOURCE;
				MTL_FAST_MATH = YES;
				ONLY_ACTIVE_ARCH = YES;
				SDKROOT = iphoneos;
				SWIFT_ACTIVE_COMPILATION_CONDITIONS = DEBUG;
				SWIFT_OPTIMIZATION_LEVEL = "-Onone";
			};
			name = Debug;
		};
		A127FE3727642E4C0078099A /* Release */ = {
			isa = XCBuildConfiguration;
			buildSettings = {
				ALWAYS_SEARCH_USER_PATHS = NO;
				CLANG_ANALYZER_NONNULL = YES;
				CLANG_ANALYZER_NUMBER_OBJECT_CONVERSION = YES_AGGRESSIVE;
				CLANG_CXX_LANGUAGE_STANDARD = "gnu++17";
				CLANG_CXX_LIBRARY = "libc++";
				CLANG_ENABLE_MODULES = YES;
				CLANG_ENABLE_OBJC_ARC = YES;
				CLANG_ENABLE_OBJC_WEAK = YES;
				CLANG_WARN_BLOCK_CAPTURE_AUTORELEASING = YES;
				CLANG_WARN_BOOL_CONVERSION = YES;
				CLANG_WARN_COMMA = YES;
				CLANG_WARN_CONSTANT_CONVERSION = YES;
				CLANG_WARN_DEPRECATED_OBJC_IMPLEMENTATIONS = YES;
				CLANG_WARN_DIRECT_OBJC_ISA_USAGE = YES_ERROR;
				CLANG_WARN_DOCUMENTATION_COMMENTS = YES;
				CLANG_WARN_EMPTY_BODY = YES;
				CLANG_WARN_ENUM_CONVERSION = YES;
				CLANG_WARN_INFINITE_RECURSION = YES;
				CLANG_WARN_INT_CONVERSION = YES;
				CLANG_WARN_NON_LITERAL_NULL_CONVERSION = YES;
				CLANG_WARN_OBJC_IMPLICIT_RETAIN_SELF = YES;
				CLANG_WARN_OBJC_LITERAL_CONVERSION = YES;
				CLANG_WARN_OBJC_ROOT_CLASS = YES_ERROR;
				CLANG_WARN_QUOTED_INCLUDE_IN_FRAMEWORK_HEADER = YES;
				CLANG_WARN_RANGE_LOOP_ANALYSIS = YES;
				CLANG_WARN_STRICT_PROTOTYPES = YES;
				CLANG_WARN_SUSPICIOUS_MOVE = YES;
				CLANG_WARN_UNGUARDED_AVAILABILITY = YES_AGGRESSIVE;
				CLANG_WARN_UNREACHABLE_CODE = YES;
				CLANG_WARN__DUPLICATE_METHOD_MATCH = YES;
				COPY_PHASE_STRIP = NO;
				DEBUG_INFORMATION_FORMAT = "dwarf-with-dsym";
				ENABLE_NS_ASSERTIONS = NO;
				ENABLE_STRICT_OBJC_MSGSEND = YES;
				GCC_C_LANGUAGE_STANDARD = gnu11;
				GCC_NO_COMMON_BLOCKS = YES;
				GCC_WARN_64_TO_32_BIT_CONVERSION = YES;
				GCC_WARN_ABOUT_RETURN_TYPE = YES_ERROR;
				GCC_WARN_UNDECLARED_SELECTOR = YES;
				GCC_WARN_UNINITIALIZED_AUTOS = YES_AGGRESSIVE;
				GCC_WARN_UNUSED_FUNCTION = YES;
				GCC_WARN_UNUSED_VARIABLE = YES;
				IPHONEOS_DEPLOYMENT_TARGET = 15.0;
				MTL_ENABLE_DEBUG_INFO = NO;
				MTL_FAST_MATH = YES;
				SDKROOT = iphoneos;
				SWIFT_COMPILATION_MODE = wholemodule;
				SWIFT_OPTIMIZATION_LEVEL = "-O";
				VALIDATE_PRODUCT = YES;
			};
			name = Release;
		};
		A127FE3927642E4C0078099A /* Debug */ = {
			isa = XCBuildConfiguration;
			buildSettings = {
				ASSETCATALOG_COMPILER_APPICON_NAME = AppIcon;
				ASSETCATALOG_COMPILER_GLOBAL_ACCENT_COLOR_NAME = AccentColor;
				CODE_SIGN_STYLE = Automatic;
				CURRENT_PROJECT_VERSION = 1;
				DEVELOPMENT_ASSET_PATHS = "\"SwiftUIList/Preview Content\"";
				ENABLE_PREVIEWS = YES;
				GENERATE_INFOPLIST_FILE = YES;
				INFOPLIST_KEY_UIApplicationSceneManifest_Generation = YES;
				INFOPLIST_KEY_UIApplicationSupportsIndirectInputEvents = YES;
				INFOPLIST_KEY_UILaunchScreen_Generation = YES;
				INFOPLIST_KEY_UISupportedInterfaceOrientations_iPad = "UIInterfaceOrientationPortrait UIInterfaceOrientationPortraitUpsideDown UIInterfaceOrientationLandscapeLeft UIInterfaceOrientationLandscapeRight";
				INFOPLIST_KEY_UISupportedInterfaceOrientations_iPhone = "UIInterfaceOrientationPortrait UIInterfaceOrientationLandscapeLeft UIInterfaceOrientationLandscapeRight";
				LD_RUNPATH_SEARCH_PATHS = (
					"$(inherited)",
					"@executable_path/Frameworks",
				);
				MARKETING_VERSION = 1.0;
				PRODUCT_BUNDLE_IDENTIFIER = app.cert.trans.SwiftUIList;
				PRODUCT_NAME = "$(TARGET_NAME)";
				SWIFT_EMIT_LOC_STRINGS = YES;
				SWIFT_VERSION = 5.0;
				TARGETED_DEVICE_FAMILY = "1,2";
			};
			name = Debug;
		};
		A127FE3A27642E4C0078099A /* Release */ = {
			isa = XCBuildConfiguration;
			buildSettings = {
				ASSETCATALOG_COMPILER_APPICON_NAME = AppIcon;
				ASSETCATALOG_COMPILER_GLOBAL_ACCENT_COLOR_NAME = AccentColor;
				CODE_SIGN_STYLE = Automatic;
				CURRENT_PROJECT_VERSION = 1;
				DEVELOPMENT_ASSET_PATHS = "\"SwiftUIList/Preview Content\"";
				ENABLE_PREVIEWS = YES;
				GENERATE_INFOPLIST_FILE = YES;
				INFOPLIST_KEY_UIApplicationSceneManifest_Generation = YES;
				INFOPLIST_KEY_UIApplicationSupportsIndirectInputEvents = YES;
				INFOPLIST_KEY_UILaunchScreen_Generation = YES;
				INFOPLIST_KEY_UISupportedInterfaceOrientations_iPad = "UIInterfaceOrientationPortrait UIInterfaceOrientationPortraitUpsideDown UIInterfaceOrientationLandscapeLeft UIInterfaceOrientationLandscapeRight";
				INFOPLIST_KEY_UISupportedInterfaceOrientations_iPhone = "UIInterfaceOrientationPortrait UIInterfaceOrientationLandscapeLeft UIInterfaceOrientationLandscapeRight";
				LD_RUNPATH_SEARCH_PATHS = (
					"$(inherited)",
					"@executable_path/Frameworks",
				);
				MARKETING_VERSION = 1.0;
				PRODUCT_BUNDLE_IDENTIFIER = app.cert.trans.SwiftUIList;
				PRODUCT_NAME = "$(TARGET_NAME)";
				SWIFT_EMIT_LOC_STRINGS = YES;
				SWIFT_VERSION = 5.0;
				TARGETED_DEVICE_FAMILY = "1,2";
			};
			name = Release;
		};
		A127FE3C27642E4C0078099A /* Debug */ = {
			isa = XCBuildConfiguration;
			buildSettings = {
				ALWAYS_EMBED_SWIFT_STANDARD_LIBRARIES = YES;
				BUNDLE_LOADER = "$(TEST_HOST)";
				CODE_SIGN_STYLE = Automatic;
				CURRENT_PROJECT_VERSION = 1;
				GENERATE_INFOPLIST_FILE = YES;
				IPHONEOS_DEPLOYMENT_TARGET = 15.0;
				LD_RUNPATH_SEARCH_PATHS = (
					"$(inherited)",
					"@executable_path/Frameworks",
					"@loader_path/Frameworks",
				);
				MARKETING_VERSION = 1.0;
				PRODUCT_BUNDLE_IDENTIFIER = app.cert.trans.SwiftUIListTests;
				PRODUCT_NAME = "$(TARGET_NAME)";
				SWIFT_EMIT_LOC_STRINGS = NO;
				SWIFT_VERSION = 5.0;
				TARGETED_DEVICE_FAMILY = "1,2";
				TEST_HOST = "$(BUILT_PRODUCTS_DIR)/SwiftUIList.app/SwiftUIList";
			};
			name = Debug;
		};
		A127FE3D27642E4C0078099A /* Release */ = {
			isa = XCBuildConfiguration;
			buildSettings = {
				ALWAYS_EMBED_SWIFT_STANDARD_LIBRARIES = YES;
				BUNDLE_LOADER = "$(TEST_HOST)";
				CODE_SIGN_STYLE = Automatic;
				CURRENT_PROJECT_VERSION = 1;
				GENERATE_INFOPLIST_FILE = YES;
				IPHONEOS_DEPLOYMENT_TARGET = 15.0;
				LD_RUNPATH_SEARCH_PATHS = (
					"$(inherited)",
					"@executable_path/Frameworks",
					"@loader_path/Frameworks",
				);
				MARKETING_VERSION = 1.0;
				PRODUCT_BUNDLE_IDENTIFIER = app.cert.trans.SwiftUIListTests;
				PRODUCT_NAME = "$(TARGET_NAME)";
				SWIFT_EMIT_LOC_STRINGS = NO;
				SWIFT_VERSION = 5.0;
				TARGETED_DEVICE_FAMILY = "1,2";
				TEST_HOST = "$(BUILT_PRODUCTS_DIR)/SwiftUIList.app/SwiftUIList";
			};
			name = Release;
		};
		A127FE3F27642E4C0078099A /* Debug */ = {
			isa = XCBuildConfiguration;
			buildSettings = {
				ALWAYS_EMBED_SWIFT_STANDARD_LIBRARIES = YES;
				CODE_SIGN_STYLE = Automatic;
				CURRENT_PROJECT_VERSION = 1;
				GENERATE_INFOPLIST_FILE = YES;
				LD_RUNPATH_SEARCH_PATHS = (
					"$(inherited)",
					"@executable_path/Frameworks",
					"@loader_path/Frameworks",
				);
				MARKETING_VERSION = 1.0;
				PRODUCT_BUNDLE_IDENTIFIER = app.cert.trans.SwiftUIListUITests;
				PRODUCT_NAME = "$(TARGET_NAME)";
				SWIFT_EMIT_LOC_STRINGS = NO;
				SWIFT_VERSION = 5.0;
				TARGETED_DEVICE_FAMILY = "1,2";
				TEST_TARGET_NAME = SwiftUIList;
			};
			name = Debug;
		};
		A127FE4027642E4C0078099A /* Release */ = {
			isa = XCBuildConfiguration;
			buildSettings = {
				ALWAYS_EMBED_SWIFT_STANDARD_LIBRARIES = YES;
				CODE_SIGN_STYLE = Automatic;
				CURRENT_PROJECT_VERSION = 1;
				GENERATE_INFOPLIST_FILE = YES;
				LD_RUNPATH_SEARCH_PATHS = (
					"$(inherited)",
					"@executable_path/Frameworks",
					"@loader_path/Frameworks",
				);
				MARKETING_VERSION = 1.0;
				PRODUCT_BUNDLE_IDENTIFIER = app.cert.trans.SwiftUIListUITests;
				PRODUCT_NAME = "$(TARGET_NAME)";
				SWIFT_EMIT_LOC_STRINGS = NO;
				SWIFT_VERSION = 5.0;
				TARGETED_DEVICE_FAMILY = "1,2";
				TEST_TARGET_NAME = SwiftUIList;
			};
			name = Release;
		};
/* End XCBuildConfiguration section */

/* Begin XCConfigurationList section */
		A127FE0F27642E4A0078099A /* Build configuration list for PBXProject "SwiftUIList" */ = {
			isa = XCConfigurationList;
			buildConfigurations = (
				A127FE3627642E4C0078099A /* Debug */,
				A127FE3727642E4C0078099A /* Release */,
			);
			defaultConfigurationIsVisible = 0;
			defaultConfigurationName = Release;
		};
		A127FE3827642E4C0078099A /* Build configuration list for PBXNativeTarget "SwiftUIList" */ = {
			isa = XCConfigurationList;
			buildConfigurations = (
				A127FE3927642E4C0078099A /* Debug */,
				A127FE3A27642E4C0078099A /* Release */,
			);
			defaultConfigurationIsVisible = 0;
			defaultConfigurationName = Release;
		};
		A127FE3B27642E4C0078099A /* Build configuration list for PBXNativeTarget "SwiftUIListTests" */ = {
			isa = XCConfigurationList;
			buildConfigurations = (
				A127FE3C27642E4C0078099A /* Debug */,
				A127FE3D27642E4C0078099A /* Release */,
			);
			defaultConfigurationIsVisible = 0;
			defaultConfigurationName = Release;
		};
		A127FE3E27642E4C0078099A /* Build configuration list for PBXNativeTarget "SwiftUIListUITests" */ = {
			isa = XCConfigurationList;
			buildConfigurations = (
				A127FE3F27642E4C0078099A /* Debug */,
				A127FE4027642E4C0078099A /* Release */,
			);
			defaultConfigurationIsVisible = 0;
			defaultConfigurationName = Release;
		};
/* End XCConfigurationList section */
	};
	rootObject = A127FE0C27642E4A0078099A /* Project object */;
}
